{"format_version":"1.2","terraform_version":"1.5.7","variables":{"AMIS":{"value":{"us-east-1":"ami-0d2017e886fc2c0ab","us-west-2":"ami-0d2017e886fc2c0ab"}},"AWS_ACCESS_KEY":{"value":""},"AWS_REGION":{"value":"us-west-2"},"AWS_SECRET_KEY":{"value":""},"apac_region":{"value":"us-west-2"},"cidr_blocks":{"value":"0.0.0.0/0"},"instance_type":{"value":"t3.micro"},"private_cidr":{"value":"10.0.1.16/28"},"public_cidr":{"value":"10.0.1.0/28"},"vpc_cidr":{"value":"10.0.1.0/24"},"webservers":{"value":{"webserver1":{"name":"WebAPI-Server"}}}},"planned_values":{"root_module":{"resources":[{"address":"aws_instance.provisioner-remoteVM","mode":"managed","type":"aws_instance","name":"provisioner-remoteVM","provider_name":"registry.terraform.io/hashicorp/aws","schema_version":1,"values":{"ami":"ami-0d2017e886fc2c0ab","credit_specification":[],"get_password_data":false,"hibernation":null,"instance_type":"t3.micro","key_name":"terraform","launch_template":[],"source_dest_check":true,"subnet_id":"subnet-0cc98b6f217d223dd","tags":{"Name":"remote-instance"},"tags_all":{"Name":"remote-instance"},"timeouts":null,"user_data_replace_on_change":false,"volume_tags":null,"vpc_security_group_ids":["sg-020c0d1330c999052"]},"sensitive_values":{"capacity_reservation_specification":[],"cpu_options":[],"credit_specification":[],"ebs_block_device":[],"enclave_options":[],"ephemeral_block_device":[],"ipv6_addresses":[],"launch_template":[],"maintenance_options":[],"metadata_options":[],"network_interface":[],"private_dns_name_options":[],"root_block_device":[],"secondary_private_ips":[],"security_groups":[],"tags":{},"tags_all":{},"vpc_security_group_ids":[false]}},{"address":"aws_internet_gateway.gw","mode":"managed","type":"aws_internet_gateway","name":"gw","provider_name":"registry.terraform.io/hashicorp/aws","schema_version":0,"values":{"arn":"arn:aws:ec2:us-west-2:045366182215:internet-gateway/igw-039500e180cbd333e","id":"igw-039500e180cbd333e","owner_id":"045366182215","tags":{"Name":"dev-gw"},"tags_all":{"Name":"dev-gw"},"timeouts":null,"vpc_id":"vpc-00b1708f63a4bdc3f"},"sensitive_values":{"tags":{},"tags_all":{}}},{"address":"aws_route_table.public_route","mode":"managed","type":"aws_route_table","name":"public_route","provider_name":"registry.terraform.io/hashicorp/aws","schema_version":0,"values":{"arn":"arn:aws:ec2:us-west-2:045366182215:route-table/rtb-095bacac565fb3da1","id":"rtb-095bacac565fb3da1","owner_id":"045366182215","propagating_vgws":[],"route":[{"carrier_gateway_id":"","cidr_block":"0.0.0.0/0","core_network_arn":"","destination_prefix_list_id":"","egress_only_gateway_id":"","gateway_id":"igw-039500e180cbd333e","instance_id":"","ipv6_cidr_block":"","local_gateway_id":"","nat_gateway_id":"","network_interface_id":"","transit_gateway_id":"","vpc_endpoint_id":"","vpc_peering_connection_id":""}],"tags":{"Name":"dev-public-route"},"tags_all":{"Name":"dev-public-route"},"timeouts":null,"vpc_id":"vpc-00b1708f63a4bdc3f"},"sensitive_values":{"propagating_vgws":[],"route":[{}],"tags":{},"tags_all":{}}},{"address":"aws_route_table_association.public_subnet_assoc[0]","mode":"managed","type":"aws_route_table_association","name":"public_subnet_assoc","index":0,"provider_name":"registry.terraform.io/hashicorp/aws","schema_version":0,"values":{"gateway_id":"","id":"rtbassoc-0a22d155f3387b31d","route_table_id":"rtb-095bacac565fb3da1","subnet_id":"subnet-0cc98b6f217d223dd","timeouts":null},"sensitive_values":{}},{"address":"aws_security_group.dev_terraform_sg_allow_ssh_http","mode":"managed","type":"aws_security_group","name":"dev_terraform_sg_allow_ssh_http","provider_name":"registry.terraform.io/hashicorp/aws","schema_version":1,"values":{"arn":"arn:aws:ec2:us-west-2:045366182215:security-group/sg-020c0d1330c999052","description":"Managed by Terraform","egress":[{"cidr_blocks":["0.0.0.0/0"],"description":"","from_port":0,"ipv6_cidr_blocks":[],"prefix_list_ids":[],"protocol":"-1","security_groups":[],"self":false,"to_port":0}],"id":"sg-020c0d1330c999052","ingress":[{"cidr_blocks":["0.0.0.0/0"],"description":"","from_port":22,"ipv6_cidr_blocks":[],"prefix_list_ids":[],"protocol":"tcp","security_groups":[],"self":false,"to_port":22},{"cidr_blocks":["0.0.0.0/0"],"description":"","from_port":80,"ipv6_cidr_blocks":[],"prefix_list_ids":[],"protocol":"tcp","security_groups":[],"self":false,"to_port":80}],"name":"dev-sg","name_prefix":"","owner_id":"045366182215","revoke_rules_on_delete":false,"tags":{},"tags_all":{},"timeouts":null,"vpc_id":"vpc-00b1708f63a4bdc3f"},"sensitive_values":{"egress":[{"cidr_blocks":[false],"ipv6_cidr_blocks":[],"prefix_list_ids":[],"security_groups":[]}],"ingress":[{"cidr_blocks":[false],"ipv6_cidr_blocks":[],"prefix_list_ids":[],"security_groups":[]},{"cidr_blocks":[false],"ipv6_cidr_blocks":[],"prefix_list_ids":[],"security_groups":[]}],"tags":{},"tags_all":{}}},{"address":"aws_security_group_rule.all_egress_access","mode":"managed","type":"aws_security_group_rule","name":"all_egress_access","provider_name":"registry.terraform.io/hashicorp/aws","schema_version":2,"values":{"cidr_blocks":["0.0.0.0/0"],"description":"","from_port":0,"id":"sgrule-3039878298","ipv6_cidr_blocks":null,"prefix_list_ids":null,"protocol":"-1","security_group_id":"sg-020c0d1330c999052","security_group_rule_id":"sgr-0cf3a97cfaf0c47af","self":false,"source_security_group_id":null,"timeouts":null,"to_port":0,"type":"egress"},"sensitive_values":{"cidr_blocks":[false]}},{"address":"aws_security_group_rule.http_ingress_access","mode":"managed","type":"aws_security_group_rule","name":"http_ingress_access","provider_name":"registry.terraform.io/hashicorp/aws","schema_version":2,"values":{"cidr_blocks":["0.0.0.0/0"],"description":"","from_port":80,"id":"sgrule-4122805754","ipv6_cidr_blocks":null,"prefix_list_ids":null,"protocol":"tcp","security_group_id":"sg-020c0d1330c999052","security_group_rule_id":"sgr-00f54a3b9f9fbda49","self":false,"source_security_group_id":null,"timeouts":null,"to_port":80,"type":"ingress"},"sensitive_values":{"cidr_blocks":[false]}},{"address":"aws_security_group_rule.ssh_ingress_access","mode":"managed","type":"aws_security_group_rule","name":"ssh_ingress_access","provider_name":"registry.terraform.io/hashicorp/aws","schema_version":2,"values":{"cidr_blocks":["0.0.0.0/0"],"description":"","from_port":22,"id":"sgrule-1127700559","ipv6_cidr_blocks":null,"prefix_list_ids":null,"protocol":"tcp","security_group_id":"sg-020c0d1330c999052","security_group_rule_id":"sgr-0b15afc4fa4ab1d8e","self":false,"source_security_group_id":null,"timeouts":null,"to_port":22,"type":"ingress"},"sensitive_values":{"cidr_blocks":[false]}},{"address":"aws_subnet.public_subnet","mode":"managed","type":"aws_subnet","name":"public_subnet","provider_name":"registry.terraform.io/hashicorp/aws","schema_version":1,"values":{"arn":"arn:aws:ec2:us-west-2:045366182215:subnet/subnet-0cc98b6f217d223dd","assign_ipv6_address_on_creation":false,"availability_zone":"us-west-2b","availability_zone_id":"usw2-az2","cidr_block":"10.0.1.0/28","customer_owned_ipv4_pool":"","enable_dns64":false,"enable_lni_at_device_index":0,"enable_resource_name_dns_a_record_on_launch":false,"enable_resource_name_dns_aaaa_record_on_launch":false,"id":"subnet-0cc98b6f217d223dd","ipv6_cidr_block":"","ipv6_cidr_block_association_id":"","ipv6_native":false,"map_customer_owned_ip_on_launch":false,"map_public_ip_on_launch":true,"outpost_arn":"","owner_id":"045366182215","private_dns_hostname_type_on_launch":"ip-name","tags":{"Name":"dev-public-subnet"},"tags_all":{"Name":"dev-public-subnet"},"timeouts":null,"vpc_id":"vpc-00b1708f63a4bdc3f"},"sensitive_values":{"tags":{},"tags_all":{}}},{"address":"aws_vpc.provisionerVPC","mode":"managed","type":"aws_vpc","name":"provisionerVPC","provider_name":"registry.terraform.io/hashicorp/aws","schema_version":1,"values":{"arn":"arn:aws:ec2:us-west-2:045366182215:vpc/vpc-00b1708f63a4bdc3f","assign_generated_ipv6_cidr_block":false,"cidr_block":"10.0.1.0/24","default_network_acl_id":"acl-0bb98891a4d56cee0","default_route_table_id":"rtb-0dd1d0ef1926a58fc","default_security_group_id":"sg-0178fcff4a6a5774a","dhcp_options_id":"dopt-001cd91b099e6629e","enable_classiclink":false,"enable_classiclink_dns_support":false,"enable_dns_hostnames":true,"enable_dns_support":true,"enable_network_address_usage_metrics":false,"id":"vpc-00b1708f63a4bdc3f","instance_tenancy":"default","ipv4_ipam_pool_id":null,"ipv4_netmask_length":null,"ipv6_association_id":"","ipv6_cidr_block":"","ipv6_cidr_block_network_border_group":"","ipv6_ipam_pool_id":"","ipv6_netmask_length":0,"main_route_table_id":"rtb-0dd1d0ef1926a58fc","owner_id":"045366182215","tags":{"Name":"dev-terraform-vpc"},"tags_all":{"Name":"dev-terraform-vpc"}},"sensitive_values":{"tags":{},"tags_all":{}}}]}},"resource_drift":[{"address":"aws_security_group.dev_terraform_sg_allow_ssh_http","mode":"managed","type":"aws_security_group","name":"dev_terraform_sg_allow_ssh_http","provider_name":"registry.terraform.io/hashicorp/aws","change":{"actions":["update"],"before":{"arn":"arn:aws:ec2:us-west-2:045366182215:security-group/sg-020c0d1330c999052","description":"Managed by Terraform","egress":[],"id":"sg-020c0d1330c999052","ingress":[],"name":"dev-sg","name_prefix":"","owner_id":"045366182215","revoke_rules_on_delete":false,"tags":null,"tags_all":{},"timeouts":null,"vpc_id":"vpc-00b1708f63a4bdc3f"},"after":{"arn":"arn:aws:ec2:us-west-2:045366182215:security-group/sg-020c0d1330c999052","description":"Managed by Terraform","egress":[{"cidr_blocks":["0.0.0.0/0"],"description":"","from_port":0,"ipv6_cidr_blocks":[],"prefix_list_ids":[],"protocol":"-1","security_groups":[],"self":false,"to_port":0}],"id":"sg-020c0d1330c999052","ingress":[{"cidr_blocks":["0.0.0.0/0"],"description":"","from_port":22,"ipv6_cidr_blocks":[],"prefix_list_ids":[],"protocol":"tcp","security_groups":[],"self":false,"to_port":22},{"cidr_blocks":["0.0.0.0/0"],"description":"","from_port":80,"ipv6_cidr_blocks":[],"prefix_list_ids":[],"protocol":"tcp","security_groups":[],"self":false,"to_port":80}],"name":"dev-sg","name_prefix":"","owner_id":"045366182215","revoke_rules_on_delete":false,"tags":{},"tags_all":{},"timeouts":null,"vpc_id":"vpc-00b1708f63a4bdc3f"},"after_unknown":{},"before_sensitive":{"egress":[],"ingress":[],"tags_all":{}},"after_sensitive":{"egress":[{"cidr_blocks":[false],"ipv6_cidr_blocks":[],"prefix_list_ids":[],"security_groups":[]}],"ingress":[{"cidr_blocks":[false],"ipv6_cidr_blocks":[],"prefix_list_ids":[],"security_groups":[]},{"cidr_blocks":[false],"ipv6_cidr_blocks":[],"prefix_list_ids":[],"security_groups":[]}],"tags":{},"tags_all":{}}}},{"address":"aws_security_group_rule.all_egress_access","mode":"managed","type":"aws_security_group_rule","name":"all_egress_access","provider_name":"registry.terraform.io/hashicorp/aws","change":{"actions":["update"],"before":{"cidr_blocks":["0.0.0.0/0"],"description":null,"from_port":0,"id":"sgrule-3039878298","ipv6_cidr_blocks":null,"prefix_list_ids":null,"protocol":"-1","security_group_id":"sg-020c0d1330c999052","security_group_rule_id":"sgr-0cf3a97cfaf0c47af","self":false,"source_security_group_id":null,"timeouts":null,"to_port":0,"type":"egress"},"after":{"cidr_blocks":["0.0.0.0/0"],"description":"","from_port":0,"id":"sgrule-3039878298","ipv6_cidr_blocks":null,"prefix_list_ids":null,"protocol":"-1","security_group_id":"sg-020c0d1330c999052","security_group_rule_id":"sgr-0cf3a97cfaf0c47af","self":false,"source_security_group_id":null,"timeouts":null,"to_port":0,"type":"egress"},"after_unknown":{},"before_sensitive":{"cidr_blocks":[false]},"after_sensitive":{"cidr_blocks":[false]}}},{"address":"aws_security_group_rule.http_ingress_access","mode":"managed","type":"aws_security_group_rule","name":"http_ingress_access","provider_name":"registry.terraform.io/hashicorp/aws","change":{"actions":["update"],"before":{"cidr_blocks":["0.0.0.0/0"],"description":null,"from_port":80,"id":"sgrule-4122805754","ipv6_cidr_blocks":null,"prefix_list_ids":null,"protocol":"tcp","security_group_id":"sg-020c0d1330c999052","security_group_rule_id":"sgr-00f54a3b9f9fbda49","self":false,"source_security_group_id":null,"timeouts":null,"to_port":80,"type":"ingress"},"after":{"cidr_blocks":["0.0.0.0/0"],"description":"","from_port":80,"id":"sgrule-4122805754","ipv6_cidr_blocks":null,"prefix_list_ids":null,"protocol":"tcp","security_group_id":"sg-020c0d1330c999052","security_group_rule_id":"sgr-00f54a3b9f9fbda49","self":false,"source_security_group_id":null,"timeouts":null,"to_port":80,"type":"ingress"},"after_unknown":{},"before_sensitive":{"cidr_blocks":[false]},"after_sensitive":{"cidr_blocks":[false]}}},{"address":"aws_security_group_rule.ssh_ingress_access","mode":"managed","type":"aws_security_group_rule","name":"ssh_ingress_access","provider_name":"registry.terraform.io/hashicorp/aws","change":{"actions":["update"],"before":{"cidr_blocks":["0.0.0.0/0"],"description":null,"from_port":22,"id":"sgrule-1127700559","ipv6_cidr_blocks":null,"prefix_list_ids":null,"protocol":"tcp","security_group_id":"sg-020c0d1330c999052","security_group_rule_id":"sgr-0b15afc4fa4ab1d8e","self":false,"source_security_group_id":null,"timeouts":null,"to_port":22,"type":"ingress"},"after":{"cidr_blocks":["0.0.0.0/0"],"description":"","from_port":22,"id":"sgrule-1127700559","ipv6_cidr_blocks":null,"prefix_list_ids":null,"protocol":"tcp","security_group_id":"sg-020c0d1330c999052","security_group_rule_id":"sgr-0b15afc4fa4ab1d8e","self":false,"source_security_group_id":null,"timeouts":null,"to_port":22,"type":"ingress"},"after_unknown":{},"before_sensitive":{"cidr_blocks":[false]},"after_sensitive":{"cidr_blocks":[false]}}}],"resource_changes":[{"address":"aws_instance.provisioner-remoteVM","mode":"managed","type":"aws_instance","name":"provisioner-remoteVM","provider_name":"registry.terraform.io/hashicorp/aws","change":{"actions":["create"],"before":null,"after":{"ami":"ami-0d2017e886fc2c0ab","credit_specification":[],"get_password_data":false,"hibernation":null,"instance_type":"t3.micro","key_name":"terraform","launch_template":[],"source_dest_check":true,"subnet_id":"subnet-0cc98b6f217d223dd","tags":{"Name":"remote-instance"},"tags_all":{"Name":"remote-instance"},"timeouts":null,"user_data_replace_on_change":false,"volume_tags":null,"vpc_security_group_ids":["sg-020c0d1330c999052"]},"after_unknown":{"arn":true,"associate_public_ip_address":true,"availability_zone":true,"capacity_reservation_specification":true,"cpu_core_count":true,"cpu_options":true,"cpu_threads_per_core":true,"credit_specification":[],"disable_api_stop":true,"disable_api_termination":true,"ebs_block_device":true,"ebs_optimized":true,"enclave_options":true,"ephemeral_block_device":true,"host_id":true,"host_resource_group_arn":true,"iam_instance_profile":true,"id":true,"instance_initiated_shutdown_behavior":true,"instance_state":true,"ipv6_address_count":true,"ipv6_addresses":true,"launch_template":[],"maintenance_options":true,"metadata_options":true,"monitoring":true,"network_interface":true,"outpost_arn":true,"password_data":true,"placement_group":true,"placement_partition_number":true,"primary_network_interface_id":true,"private_dns":true,"private_dns_name_options":true,"private_ip":true,"public_dns":true,"public_ip":true,"root_block_device":true,"secondary_private_ips":true,"security_groups":true,"tags":{},"tags_all":{},"tenancy":true,"user_data":true,"user_data_base64":true,"vpc_security_group_ids":[false]},"before_sensitive":false,"after_sensitive":{"capacity_reservation_specification":[],"cpu_options":[],"credit_specification":[],"ebs_block_device":[],"enclave_options":[],"ephemeral_block_device":[],"ipv6_addresses":[],"launch_template":[],"maintenance_options":[],"metadata_options":[],"network_interface":[],"private_dns_name_options":[],"root_block_device":[],"secondary_private_ips":[],"security_groups":[],"tags":{},"tags_all":{},"vpc_security_group_ids":[false]}}},{"address":"aws_internet_gateway.gw","mode":"managed","type":"aws_internet_gateway","name":"gw","provider_name":"registry.terraform.io/hashicorp/aws","change":{"actions":["no-op"],"before":{"arn":"arn:aws:ec2:us-west-2:045366182215:internet-gateway/igw-039500e180cbd333e","id":"igw-039500e180cbd333e","owner_id":"045366182215","tags":{"Name":"dev-gw"},"tags_all":{"Name":"dev-gw"},"timeouts":null,"vpc_id":"vpc-00b1708f63a4bdc3f"},"after":{"arn":"arn:aws:ec2:us-west-2:045366182215:internet-gateway/igw-039500e180cbd333e","id":"igw-039500e180cbd333e","owner_id":"045366182215","tags":{"Name":"dev-gw"},"tags_all":{"Name":"dev-gw"},"timeouts":null,"vpc_id":"vpc-00b1708f63a4bdc3f"},"after_unknown":{},"before_sensitive":{"tags":{},"tags_all":{}},"after_sensitive":{"tags":{},"tags_all":{}}}},{"address":"aws_route_table.public_route","mode":"managed","type":"aws_route_table","name":"public_route","provider_name":"registry.terraform.io/hashicorp/aws","change":{"actions":["no-op"],"before":{"arn":"arn:aws:ec2:us-west-2:045366182215:route-table/rtb-095bacac565fb3da1","id":"rtb-095bacac565fb3da1","owner_id":"045366182215","propagating_vgws":[],"route":[{"carrier_gateway_id":"","cidr_block":"0.0.0.0/0","core_network_arn":"","destination_prefix_list_id":"","egress_only_gateway_id":"","gateway_id":"igw-039500e180cbd333e","instance_id":"","ipv6_cidr_block":"","local_gateway_id":"","nat_gateway_id":"","network_interface_id":"","transit_gateway_id":"","vpc_endpoint_id":"","vpc_peering_connection_id":""}],"tags":{"Name":"dev-public-route"},"tags_all":{"Name":"dev-public-route"},"timeouts":null,"vpc_id":"vpc-00b1708f63a4bdc3f"},"after":{"arn":"arn:aws:ec2:us-west-2:045366182215:route-table/rtb-095bacac565fb3da1","id":"rtb-095bacac565fb3da1","owner_id":"045366182215","propagating_vgws":[],"route":[{"carrier_gateway_id":"","cidr_block":"0.0.0.0/0","core_network_arn":"","destination_prefix_list_id":"","egress_only_gateway_id":"","gateway_id":"igw-039500e180cbd333e","instance_id":"","ipv6_cidr_block":"","local_gateway_id":"","nat_gateway_id":"","network_interface_id":"","transit_gateway_id":"","vpc_endpoint_id":"","vpc_peering_connection_id":""}],"tags":{"Name":"dev-public-route"},"tags_all":{"Name":"dev-public-route"},"timeouts":null,"vpc_id":"vpc-00b1708f63a4bdc3f"},"after_unknown":{},"before_sensitive":{"propagating_vgws":[],"route":[{}],"tags":{},"tags_all":{}},"after_sensitive":{"propagating_vgws":[],"route":[{}],"tags":{},"tags_all":{}}}},{"address":"aws_route_table_association.public_subnet_assoc[0]","mode":"managed","type":"aws_route_table_association","name":"public_subnet_assoc","index":0,"provider_name":"registry.terraform.io/hashicorp/aws","change":{"actions":["no-op"],"before":{"gateway_id":"","id":"rtbassoc-0a22d155f3387b31d","route_table_id":"rtb-095bacac565fb3da1","subnet_id":"subnet-0cc98b6f217d223dd","timeouts":null},"after":{"gateway_id":"","id":"rtbassoc-0a22d155f3387b31d","route_table_id":"rtb-095bacac565fb3da1","subnet_id":"subnet-0cc98b6f217d223dd","timeouts":null},"after_unknown":{},"before_sensitive":{},"after_sensitive":{}}},{"address":"aws_security_group.dev_terraform_sg_allow_ssh_http","mode":"managed","type":"aws_security_group","name":"dev_terraform_sg_allow_ssh_http","provider_name":"registry.terraform.io/hashicorp/aws","change":{"actions":["no-op"],"before":{"arn":"arn:aws:ec2:us-west-2:045366182215:security-group/sg-020c0d1330c999052","description":"Managed by Terraform","egress":[{"cidr_blocks":["0.0.0.0/0"],"description":"","from_port":0,"ipv6_cidr_blocks":[],"prefix_list_ids":[],"protocol":"-1","security_groups":[],"self":false,"to_port":0}],"id":"sg-020c0d1330c999052","ingress":[{"cidr_blocks":["0.0.0.0/0"],"description":"","from_port":22,"ipv6_cidr_blocks":[],"prefix_list_ids":[],"protocol":"tcp","security_groups":[],"self":false,"to_port":22},{"cidr_blocks":["0.0.0.0/0"],"description":"","from_port":80,"ipv6_cidr_blocks":[],"prefix_list_ids":[],"protocol":"tcp","security_groups":[],"self":false,"to_port":80}],"name":"dev-sg","name_prefix":"","owner_id":"045366182215","revoke_rules_on_delete":false,"tags":{},"tags_all":{},"timeouts":null,"vpc_id":"vpc-00b1708f63a4bdc3f"},"after":{"arn":"arn:aws:ec2:us-west-2:045366182215:security-group/sg-020c0d1330c999052","description":"Managed by Terraform","egress":[{"cidr_blocks":["0.0.0.0/0"],"description":"","from_port":0,"ipv6_cidr_blocks":[],"prefix_list_ids":[],"protocol":"-1","security_groups":[],"self":false,"to_port":0}],"id":"sg-020c0d1330c999052","ingress":[{"cidr_blocks":["0.0.0.0/0"],"description":"","from_port":22,"ipv6_cidr_blocks":[],"prefix_list_ids":[],"protocol":"tcp","security_groups":[],"self":false,"to_port":22},{"cidr_blocks":["0.0.0.0/0"],"description":"","from_port":80,"ipv6_cidr_blocks":[],"prefix_list_ids":[],"protocol":"tcp","security_groups":[],"self":false,"to_port":80}],"name":"dev-sg","name_prefix":"","owner_id":"045366182215","revoke_rules_on_delete":false,"tags":{},"tags_all":{},"timeouts":null,"vpc_id":"vpc-00b1708f63a4bdc3f"},"after_unknown":{},"before_sensitive":{"egress":[{"cidr_blocks":[false],"ipv6_cidr_blocks":[],"prefix_list_ids":[],"security_groups":[]}],"ingress":[{"cidr_blocks":[false],"ipv6_cidr_blocks":[],"prefix_list_ids":[],"security_groups":[]},{"cidr_blocks":[false],"ipv6_cidr_blocks":[],"prefix_list_ids":[],"security_groups":[]}],"tags":{},"tags_all":{}},"after_sensitive":{"egress":[{"cidr_blocks":[false],"ipv6_cidr_blocks":[],"prefix_list_ids":[],"security_groups":[]}],"ingress":[{"cidr_blocks":[false],"ipv6_cidr_blocks":[],"prefix_list_ids":[],"security_groups":[]},{"cidr_blocks":[false],"ipv6_cidr_blocks":[],"prefix_list_ids":[],"security_groups":[]}],"tags":{},"tags_all":{}}}},{"address":"aws_security_group_rule.all_egress_access","mode":"managed","type":"aws_security_group_rule","name":"all_egress_access","provider_name":"registry.terraform.io/hashicorp/aws","change":{"actions":["no-op"],"before":{"cidr_blocks":["0.0.0.0/0"],"description":"","from_port":0,"id":"sgrule-3039878298","ipv6_cidr_blocks":null,"prefix_list_ids":null,"protocol":"-1","security_group_id":"sg-020c0d1330c999052","security_group_rule_id":"sgr-0cf3a97cfaf0c47af","self":false,"source_security_group_id":null,"timeouts":null,"to_port":0,"type":"egress"},"after":{"cidr_blocks":["0.0.0.0/0"],"description":"","from_port":0,"id":"sgrule-3039878298","ipv6_cidr_blocks":null,"prefix_list_ids":null,"protocol":"-1","security_group_id":"sg-020c0d1330c999052","security_group_rule_id":"sgr-0cf3a97cfaf0c47af","self":false,"source_security_group_id":null,"timeouts":null,"to_port":0,"type":"egress"},"after_unknown":{},"before_sensitive":{"cidr_blocks":[false]},"after_sensitive":{"cidr_blocks":[false]}}},{"address":"aws_security_group_rule.http_ingress_access","mode":"managed","type":"aws_security_group_rule","name":"http_ingress_access","provider_name":"registry.terraform.io/hashicorp/aws","change":{"actions":["no-op"],"before":{"cidr_blocks":["0.0.0.0/0"],"description":"","from_port":80,"id":"sgrule-4122805754","ipv6_cidr_blocks":null,"prefix_list_ids":null,"protocol":"tcp","security_group_id":"sg-020c0d1330c999052","security_group_rule_id":"sgr-00f54a3b9f9fbda49","self":false,"source_security_group_id":null,"timeouts":null,"to_port":80,"type":"ingress"},"after":{"cidr_blocks":["0.0.0.0/0"],"description":"","from_port":80,"id":"sgrule-4122805754","ipv6_cidr_blocks":null,"prefix_list_ids":null,"protocol":"tcp","security_group_id":"sg-020c0d1330c999052","security_group_rule_id":"sgr-00f54a3b9f9fbda49","self":false,"source_security_group_id":null,"timeouts":null,"to_port":80,"type":"ingress"},"after_unknown":{},"before_sensitive":{"cidr_blocks":[false]},"after_sensitive":{"cidr_blocks":[false]}}},{"address":"aws_security_group_rule.ssh_ingress_access","mode":"managed","type":"aws_security_group_rule","name":"ssh_ingress_access","provider_name":"registry.terraform.io/hashicorp/aws","change":{"actions":["no-op"],"before":{"cidr_blocks":["0.0.0.0/0"],"description":"","from_port":22,"id":"sgrule-1127700559","ipv6_cidr_blocks":null,"prefix_list_ids":null,"protocol":"tcp","security_group_id":"sg-020c0d1330c999052","security_group_rule_id":"sgr-0b15afc4fa4ab1d8e","self":false,"source_security_group_id":null,"timeouts":null,"to_port":22,"type":"ingress"},"after":{"cidr_blocks":["0.0.0.0/0"],"description":"","from_port":22,"id":"sgrule-1127700559","ipv6_cidr_blocks":null,"prefix_list_ids":null,"protocol":"tcp","security_group_id":"sg-020c0d1330c999052","security_group_rule_id":"sgr-0b15afc4fa4ab1d8e","self":false,"source_security_group_id":null,"timeouts":null,"to_port":22,"type":"ingress"},"after_unknown":{},"before_sensitive":{"cidr_blocks":[false]},"after_sensitive":{"cidr_blocks":[false]}}},{"address":"aws_subnet.public_subnet","mode":"managed","type":"aws_subnet","name":"public_subnet","provider_name":"registry.terraform.io/hashicorp/aws","change":{"actions":["no-op"],"before":{"arn":"arn:aws:ec2:us-west-2:045366182215:subnet/subnet-0cc98b6f217d223dd","assign_ipv6_address_on_creation":false,"availability_zone":"us-west-2b","availability_zone_id":"usw2-az2","cidr_block":"10.0.1.0/28","customer_owned_ipv4_pool":"","enable_dns64":false,"enable_lni_at_device_index":0,"enable_resource_name_dns_a_record_on_launch":false,"enable_resource_name_dns_aaaa_record_on_launch":false,"id":"subnet-0cc98b6f217d223dd","ipv6_cidr_block":"","ipv6_cidr_block_association_id":"","ipv6_native":false,"map_customer_owned_ip_on_launch":false,"map_public_ip_on_launch":true,"outpost_arn":"","owner_id":"045366182215","private_dns_hostname_type_on_launch":"ip-name","tags":{"Name":"dev-public-subnet"},"tags_all":{"Name":"dev-public-subnet"},"timeouts":null,"vpc_id":"vpc-00b1708f63a4bdc3f"},"after":{"arn":"arn:aws:ec2:us-west-2:045366182215:subnet/subnet-0cc98b6f217d223dd","assign_ipv6_address_on_creation":false,"availability_zone":"us-west-2b","availability_zone_id":"usw2-az2","cidr_block":"10.0.1.0/28","customer_owned_ipv4_pool":"","enable_dns64":false,"enable_lni_at_device_index":0,"enable_resource_name_dns_a_record_on_launch":false,"enable_resource_name_dns_aaaa_record_on_launch":false,"id":"subnet-0cc98b6f217d223dd","ipv6_cidr_block":"","ipv6_cidr_block_association_id":"","ipv6_native":false,"map_customer_owned_ip_on_launch":false,"map_public_ip_on_launch":true,"outpost_arn":"","owner_id":"045366182215","private_dns_hostname_type_on_launch":"ip-name","tags":{"Name":"dev-public-subnet"},"tags_all":{"Name":"dev-public-subnet"},"timeouts":null,"vpc_id":"vpc-00b1708f63a4bdc3f"},"after_unknown":{},"before_sensitive":{"tags":{},"tags_all":{}},"after_sensitive":{"tags":{},"tags_all":{}}}},{"address":"aws_vpc.provisionerVPC","mode":"managed","type":"aws_vpc","name":"provisionerVPC","provider_name":"registry.terraform.io/hashicorp/aws","change":{"actions":["no-op"],"before":{"arn":"arn:aws:ec2:us-west-2:045366182215:vpc/vpc-00b1708f63a4bdc3f","assign_generated_ipv6_cidr_block":false,"cidr_block":"10.0.1.0/24","default_network_acl_id":"acl-0bb98891a4d56cee0","default_route_table_id":"rtb-0dd1d0ef1926a58fc","default_security_group_id":"sg-0178fcff4a6a5774a","dhcp_options_id":"dopt-001cd91b099e6629e","enable_classiclink":false,"enable_classiclink_dns_support":false,"enable_dns_hostnames":true,"enable_dns_support":true,"enable_network_address_usage_metrics":false,"id":"vpc-00b1708f63a4bdc3f","instance_tenancy":"default","ipv4_ipam_pool_id":null,"ipv4_netmask_length":null,"ipv6_association_id":"","ipv6_cidr_block":"","ipv6_cidr_block_network_border_group":"","ipv6_ipam_pool_id":"","ipv6_netmask_length":0,"main_route_table_id":"rtb-0dd1d0ef1926a58fc","owner_id":"045366182215","tags":{"Name":"dev-terraform-vpc"},"tags_all":{"Name":"dev-terraform-vpc"}},"after":{"arn":"arn:aws:ec2:us-west-2:045366182215:vpc/vpc-00b1708f63a4bdc3f","assign_generated_ipv6_cidr_block":false,"cidr_block":"10.0.1.0/24","default_network_acl_id":"acl-0bb98891a4d56cee0","default_route_table_id":"rtb-0dd1d0ef1926a58fc","default_security_group_id":"sg-0178fcff4a6a5774a","dhcp_options_id":"dopt-001cd91b099e6629e","enable_classiclink":false,"enable_classiclink_dns_support":false,"enable_dns_hostnames":true,"enable_dns_support":true,"enable_network_address_usage_metrics":false,"id":"vpc-00b1708f63a4bdc3f","instance_tenancy":"default","ipv4_ipam_pool_id":null,"ipv4_netmask_length":null,"ipv6_association_id":"","ipv6_cidr_block":"","ipv6_cidr_block_network_border_group":"","ipv6_ipam_pool_id":"","ipv6_netmask_length":0,"main_route_table_id":"rtb-0dd1d0ef1926a58fc","owner_id":"045366182215","tags":{"Name":"dev-terraform-vpc"},"tags_all":{"Name":"dev-terraform-vpc"}},"after_unknown":{},"before_sensitive":{"tags":{},"tags_all":{}},"after_sensitive":{"tags":{},"tags_all":{}}}}],"prior_state":{"format_version":"1.0","terraform_version":"1.5.7","values":{"root_module":{"resources":[{"address":"data.aws_availability_zones.available","mode":"data","type":"aws_availability_zones","name":"available","provider_name":"registry.terraform.io/hashicorp/aws","schema_version":0,"values":{"all_availability_zones":null,"exclude_names":null,"exclude_zone_ids":null,"filter":null,"group_names":["us-west-2"],"id":"us-west-2","names":["us-west-2a","us-west-2b","us-west-2c","us-west-2d"],"state":null,"timeouts":null,"zone_ids":["usw2-az1","usw2-az2","usw2-az3","usw2-az4"]},"sensitive_values":{"group_names":[false],"names":[false,false,false,false],"zone_ids":[false,false,false,false]}},{"address":"aws_internet_gateway.gw","mode":"managed","type":"aws_internet_gateway","name":"gw","provider_name":"registry.terraform.io/hashicorp/aws","schema_version":0,"values":{"arn":"arn:aws:ec2:us-west-2:045366182215:internet-gateway/igw-039500e180cbd333e","id":"igw-039500e180cbd333e","owner_id":"045366182215","tags":{"Name":"dev-gw"},"tags_all":{"Name":"dev-gw"},"timeouts":null,"vpc_id":"vpc-00b1708f63a4bdc3f"},"sensitive_values":{"tags":{},"tags_all":{}},"depends_on":["aws_vpc.provisionerVPC"]},{"address":"aws_route_table.public_route","mode":"managed","type":"aws_route_table","name":"public_route","provider_name":"registry.terraform.io/hashicorp/aws","schema_version":0,"values":{"arn":"arn:aws:ec2:us-west-2:045366182215:route-table/rtb-095bacac565fb3da1","id":"rtb-095bacac565fb3da1","owner_id":"045366182215","propagating_vgws":[],"route":[{"carrier_gateway_id":"","cidr_block":"0.0.0.0/0","core_network_arn":"","destination_prefix_list_id":"","egress_only_gateway_id":"","gateway_id":"igw-039500e180cbd333e","instance_id":"","ipv6_cidr_block":"","local_gateway_id":"","nat_gateway_id":"","network_interface_id":"","transit_gateway_id":"","vpc_endpoint_id":"","vpc_peering_connection_id":""}],"tags":{"Name":"dev-public-route"},"tags_all":{"Name":"dev-public-route"},"timeouts":null,"vpc_id":"vpc-00b1708f63a4bdc3f"},"sensitive_values":{"propagating_vgws":[],"route":[{}],"tags":{},"tags_all":{}},"depends_on":["aws_internet_gateway.gw","aws_vpc.provisionerVPC"]},{"address":"aws_route_table_association.public_subnet_assoc[0]","mode":"managed","type":"aws_route_table_association","name":"public_subnet_assoc","index":0,"provider_name":"registry.terraform.io/hashicorp/aws","schema_version":0,"values":{"gateway_id":"","id":"rtbassoc-0a22d155f3387b31d","route_table_id":"rtb-095bacac565fb3da1","subnet_id":"subnet-0cc98b6f217d223dd","timeouts":null},"sensitive_values":{},"depends_on":["aws_internet_gateway.gw","aws_route_table.public_route","aws_subnet.public_subnet","aws_vpc.provisionerVPC","data.aws_availability_zones.available"]},{"address":"aws_security_group.dev_terraform_sg_allow_ssh_http","mode":"managed","type":"aws_security_group","name":"dev_terraform_sg_allow_ssh_http","provider_name":"registry.terraform.io/hashicorp/aws","schema_version":1,"values":{"arn":"arn:aws:ec2:us-west-2:045366182215:security-group/sg-020c0d1330c999052","description":"Managed by Terraform","egress":[{"cidr_blocks":["0.0.0.0/0"],"description":"","from_port":0,"ipv6_cidr_blocks":[],"prefix_list_ids":[],"protocol":"-1","security_groups":[],"self":false,"to_port":0}],"id":"sg-020c0d1330c999052","ingress":[{"cidr_blocks":["0.0.0.0/0"],"description":"","from_port":22,"ipv6_cidr_blocks":[],"prefix_list_ids":[],"protocol":"tcp","security_groups":[],"self":false,"to_port":22},{"cidr_blocks":["0.0.0.0/0"],"description":"","from_port":80,"ipv6_cidr_blocks":[],"prefix_list_ids":[],"protocol":"tcp","security_groups":[],"self":false,"to_port":80}],"name":"dev-sg","name_prefix":"","owner_id":"045366182215","revoke_rules_on_delete":false,"tags":{},"tags_all":{},"timeouts":null,"vpc_id":"vpc-00b1708f63a4bdc3f"},"sensitive_values":{"egress":[{"cidr_blocks":[false],"ipv6_cidr_blocks":[],"prefix_list_ids":[],"security_groups":[]}],"ingress":[{"cidr_blocks":[false],"ipv6_cidr_blocks":[],"prefix_list_ids":[],"security_groups":[]},{"cidr_blocks":[false],"ipv6_cidr_blocks":[],"prefix_list_ids":[],"security_groups":[]}],"tags":{},"tags_all":{}},"depends_on":["aws_vpc.provisionerVPC"]},{"address":"aws_security_group_rule.all_egress_access","mode":"managed","type":"aws_security_group_rule","name":"all_egress_access","provider_name":"registry.terraform.io/hashicorp/aws","schema_version":2,"values":{"cidr_blocks":["0.0.0.0/0"],"description":"","from_port":0,"id":"sgrule-3039878298","ipv6_cidr_blocks":null,"prefix_list_ids":null,"protocol":"-1","security_group_id":"sg-020c0d1330c999052","security_group_rule_id":"sgr-0cf3a97cfaf0c47af","self":false,"source_security_group_id":null,"timeouts":null,"to_port":0,"type":"egress"},"sensitive_values":{"cidr_blocks":[false]},"depends_on":["aws_security_group.dev_terraform_sg_allow_ssh_http","aws_vpc.provisionerVPC"]},{"address":"aws_security_group_rule.http_ingress_access","mode":"managed","type":"aws_security_group_rule","name":"http_ingress_access","provider_name":"registry.terraform.io/hashicorp/aws","schema_version":2,"values":{"cidr_blocks":["0.0.0.0/0"],"description":"","from_port":80,"id":"sgrule-4122805754","ipv6_cidr_blocks":null,"prefix_list_ids":null,"protocol":"tcp","security_group_id":"sg-020c0d1330c999052","security_group_rule_id":"sgr-00f54a3b9f9fbda49","self":false,"source_security_group_id":null,"timeouts":null,"to_port":80,"type":"ingress"},"sensitive_values":{"cidr_blocks":[false]},"depends_on":["aws_security_group.dev_terraform_sg_allow_ssh_http","aws_vpc.provisionerVPC"]},{"address":"aws_security_group_rule.ssh_ingress_access","mode":"managed","type":"aws_security_group_rule","name":"ssh_ingress_access","provider_name":"registry.terraform.io/hashicorp/aws","schema_version":2,"values":{"cidr_blocks":["0.0.0.0/0"],"description":"","from_port":22,"id":"sgrule-1127700559","ipv6_cidr_blocks":null,"prefix_list_ids":null,"protocol":"tcp","security_group_id":"sg-020c0d1330c999052","security_group_rule_id":"sgr-0b15afc4fa4ab1d8e","self":false,"source_security_group_id":null,"timeouts":null,"to_port":22,"type":"ingress"},"sensitive_values":{"cidr_blocks":[false]},"depends_on":["aws_security_group.dev_terraform_sg_allow_ssh_http","aws_vpc.provisionerVPC"]},{"address":"aws_subnet.public_subnet","mode":"managed","type":"aws_subnet","name":"public_subnet","provider_name":"registry.terraform.io/hashicorp/aws","schema_version":1,"values":{"arn":"arn:aws:ec2:us-west-2:045366182215:subnet/subnet-0cc98b6f217d223dd","assign_ipv6_address_on_creation":false,"availability_zone":"us-west-2b","availability_zone_id":"usw2-az2","cidr_block":"10.0.1.0/28","customer_owned_ipv4_pool":"","enable_dns64":false,"enable_lni_at_device_index":0,"enable_resource_name_dns_a_record_on_launch":false,"enable_resource_name_dns_aaaa_record_on_launch":false,"id":"subnet-0cc98b6f217d223dd","ipv6_cidr_block":"","ipv6_cidr_block_association_id":"","ipv6_native":false,"map_customer_owned_ip_on_launch":false,"map_public_ip_on_launch":true,"outpost_arn":"","owner_id":"045366182215","private_dns_hostname_type_on_launch":"ip-name","tags":{"Name":"dev-public-subnet"},"tags_all":{"Name":"dev-public-subnet"},"timeouts":null,"vpc_id":"vpc-00b1708f63a4bdc3f"},"sensitive_values":{"tags":{},"tags_all":{}},"depends_on":["aws_vpc.provisionerVPC","data.aws_availability_zones.available"]},{"address":"aws_vpc.provisionerVPC","mode":"managed","type":"aws_vpc","name":"provisionerVPC","provider_name":"registry.terraform.io/hashicorp/aws","schema_version":1,"values":{"arn":"arn:aws:ec2:us-west-2:045366182215:vpc/vpc-00b1708f63a4bdc3f","assign_generated_ipv6_cidr_block":false,"cidr_block":"10.0.1.0/24","default_network_acl_id":"acl-0bb98891a4d56cee0","default_route_table_id":"rtb-0dd1d0ef1926a58fc","default_security_group_id":"sg-0178fcff4a6a5774a","dhcp_options_id":"dopt-001cd91b099e6629e","enable_classiclink":false,"enable_classiclink_dns_support":false,"enable_dns_hostnames":true,"enable_dns_support":true,"enable_network_address_usage_metrics":false,"id":"vpc-00b1708f63a4bdc3f","instance_tenancy":"default","ipv4_ipam_pool_id":null,"ipv4_netmask_length":null,"ipv6_association_id":"","ipv6_cidr_block":"","ipv6_cidr_block_network_border_group":"","ipv6_ipam_pool_id":"","ipv6_netmask_length":0,"main_route_table_id":"rtb-0dd1d0ef1926a58fc","owner_id":"045366182215","tags":{"Name":"dev-terraform-vpc"},"tags_all":{"Name":"dev-terraform-vpc"}},"sensitive_values":{"tags":{},"tags_all":{}}}]}}},"configuration":{"provider_config":{"aws":{"name":"aws","full_name":"registry.terraform.io/hashicorp/aws","version_constraint":"~\u003e 4.0"}},"root_module":{"resources":[{"address":"aws_instance.provisioner-remoteVM","mode":"managed","type":"aws_instance","name":"provisioner-remoteVM","provider_config_key":"aws","provisioners":[{"type":"remote-exec","expressions":{"inline":{"constant_value":["sudo yum update -y","sudo yum install -y nginx","sudo service nginx start"]}}},{"type":"local-exec","expressions":{"command":{"references":["self.instance_type","self","self.id","self","self.public_dns","self","self.ami","self"]}}}],"expressions":{"ami":{"constant_value":"ami-0d2017e886fc2c0ab"},"instance_type":{"references":["var.instance_type"]},"key_name":{"constant_value":"terraform"},"subnet_id":{"references":["aws_subnet.public_subnet.id","aws_subnet.public_subnet"]},"tags":{"constant_value":{"Name":"remote-instance"}},"vpc_security_group_ids":{"references":["aws_security_group.dev_terraform_sg_allow_ssh_http.id","aws_security_group.dev_terraform_sg_allow_ssh_http"]}},"schema_version":1},{"address":"aws_internet_gateway.gw","mode":"managed","type":"aws_internet_gateway","name":"gw","provider_config_key":"aws","expressions":{"tags":{"constant_value":{"Name":"dev-gw"}},"vpc_id":{"references":["aws_vpc.provisionerVPC.id","aws_vpc.provisionerVPC"]}},"schema_version":0},{"address":"aws_route_table.public_route","mode":"managed","type":"aws_route_table","name":"public_route","provider_config_key":"aws","expressions":{"route":{"references":["var.cidr_blocks","aws_internet_gateway.gw.id","aws_internet_gateway.gw"]},"tags":{"constant_value":{"Name":"dev-public-route"}},"vpc_id":{"references":["aws_vpc.provisionerVPC.id","aws_vpc.provisionerVPC"]}},"schema_version":0},{"address":"aws_route_table_association.public_subnet_assoc","mode":"managed","type":"aws_route_table_association","name":"public_subnet_assoc","provider_config_key":"aws","expressions":{"route_table_id":{"references":["aws_route_table.public_route.id","aws_route_table.public_route"]},"subnet_id":{"references":["aws_subnet.public_subnet.id","aws_subnet.public_subnet"]}},"schema_version":0,"count_expression":{"constant_value":1},"depends_on":["aws_route_table.public_route","aws_subnet.public_subnet"]},{"address":"aws_security_group.dev_terraform_sg_allow_ssh_http","mode":"managed","type":"aws_security_group","name":"dev_terraform_sg_allow_ssh_http","provider_config_key":"aws","expressions":{"name":{"constant_value":"dev-sg"},"vpc_id":{"references":["aws_vpc.provisionerVPC.id","aws_vpc.provisionerVPC"]}},"schema_version":1},{"address":"aws_security_group_rule.all_egress_access","mode":"managed","type":"aws_security_group_rule","name":"all_egress_access","provider_config_key":"aws","expressions":{"cidr_blocks":{"references":["var.cidr_blocks"]},"from_port":{"constant_value":0},"protocol":{"constant_value":"-1"},"security_group_id":{"references":["aws_security_group.dev_terraform_sg_allow_ssh_http.id","aws_security_group.dev_terraform_sg_allow_ssh_http"]},"to_port":{"constant_value":0},"type":{"constant_value":"egress"}},"schema_version":2},{"address":"aws_security_group_rule.http_ingress_access","mode":"managed","type":"aws_security_group_rule","name":"http_ingress_access","provider_config_key":"aws","expressions":{"cidr_blocks":{"references":["var.cidr_blocks"]},"from_port":{"constant_value":80},"protocol":{"constant_value":"tcp"},"security_group_id":{"references":["aws_security_group.dev_terraform_sg_allow_ssh_http.id","aws_security_group.dev_terraform_sg_allow_ssh_http"]},"to_port":{"constant_value":80},"type":{"constant_value":"ingress"}},"schema_version":2},{"address":"aws_security_group_rule.ssh_ingress_access","mode":"managed","type":"aws_security_group_rule","name":"ssh_ingress_access","provider_config_key":"aws","expressions":{"cidr_blocks":{"references":["var.cidr_blocks"]},"from_port":{"constant_value":22},"protocol":{"constant_value":"tcp"},"security_group_id":{"references":["aws_security_group.dev_terraform_sg_allow_ssh_http.id","aws_security_group.dev_terraform_sg_allow_ssh_http"]},"to_port":{"constant_value":22},"type":{"constant_value":"ingress"}},"schema_version":2},{"address":"aws_subnet.public_subnet","mode":"managed","type":"aws_subnet","name":"public_subnet","provider_config_key":"aws","expressions":{"availability_zone":{"references":["data.aws_availability_zones.available.names[1]","data.aws_availability_zones.available.names","data.aws_availability_zones.available"]},"cidr_block":{"references":["var.public_cidr"]},"map_public_ip_on_launch":{"constant_value":true},"tags":{"constant_value":{"Name":"dev-public-subnet"}},"vpc_id":{"references":["aws_vpc.provisionerVPC.id","aws_vpc.provisionerVPC"]}},"schema_version":1},{"address":"aws_vpc.provisionerVPC","mode":"managed","type":"aws_vpc","name":"provisionerVPC","provider_config_key":"aws","expressions":{"cidr_block":{"references":["var.vpc_cidr"]},"enable_dns_hostnames":{"constant_value":true},"enable_dns_support":{"constant_value":true},"tags":{"constant_value":{"Name":"dev-terraform-vpc"}}},"schema_version":1},{"address":"data.aws_availability_zones.available","mode":"data","type":"aws_availability_zones","name":"available","provider_config_key":"aws","schema_version":0}],"variables":{"AMIS":{"default":{"us-east-1":"ami-0d2017e886fc2c0ab","us-west-2":"ami-0d2017e886fc2c0ab"},"description":"Region specific AWS Machine Images (AMI)"},"AWS_ACCESS_KEY":{"description":"ASIAQVEAJAFDYYFWVRON"},"AWS_REGION":{"default":"us-west-2","description":"us-west-2"},"AWS_SECRET_KEY":{"description":"zF/RxoM1Zq2FniJa5wtgrzTrMRm7Er+WVvins2p0"},"apac_region":{"default":"us-west-2"},"cidr_blocks":{"default":"0.0.0.0/0"},"instance_type":{"default":"t3.micro"},"private_cidr":{"default":"10.0.1.16/28"},"public_cidr":{"default":"10.0.1.0/28"},"vpc_cidr":{"default":"10.0.1.0/24"},"webservers":{"default":{"webserver1":{"name":"WebAPI-Server"}},"description":"AWS EC2 webserver instance with names WEBAPI-Server and Web-App-Server"}}}},"relevant_attributes":[{"resource":"aws_subnet.public_subnet","attribute":["id"]},{"resource":"aws_security_group.dev_terraform_sg_allow_ssh_http","attribute":["id"]}],"timestamp":"2023-10-13T13:40:25Z"}
